<?xml version="1.0" encoding="utf-8"?>
<Project ToolsVersion="4.0" xmlns="http://schemas.microsoft.com/developer/msbuild/2003">
  <ItemGroup>
    <Filter Include="소스 파일">
      <UniqueIdentifier>{4FC737F1-C7A5-4376-A066-2A32D752A2FF}</UniqueIdentifier>
      <Extensions>cpp;c;cc;cxx;c++;cppm;ixx;def;odl;idl;hpj;bat;asm;asmx</Extensions>
    </Filter>
    <Filter Include="헤더 파일">
      <UniqueIdentifier>{93995380-89BD-4b04-88EB-625FBE52EBFB}</UniqueIdentifier>
      <Extensions>h;hh;hpp;hxx;h++;hm;inl;inc;ipp;xsd</Extensions>
    </Filter>
    <Filter Include="리소스 파일">
      <UniqueIdentifier>{67DA6AB6-F800-4c08-8B7A-83BB121AAD01}</UniqueIdentifier>
      <Extensions>rc;ico;cur;bmp;dlg;rc2;rct;bin;rgs;gif;jpg;jpeg;jpe;resx;tiff;tif;png;wav;mfcribbon-ms</Extensions>
    </Filter>
    <Filter Include="Thread">
      <UniqueIdentifier>{8fcdca06-78e1-4862-9f73-a66775632702}</UniqueIdentifier>
    </Filter>
    <Filter Include="MemoryPool">
      <UniqueIdentifier>{63a49ff8-c488-4da0-ae90-21f48e76874a}</UniqueIdentifier>
    </Filter>
    <Filter Include="Test">
      <UniqueIdentifier>{754c0a40-55b4-4a35-82d7-d442d033924e}</UniqueIdentifier>
    </Filter>
    <Filter Include="Util">
      <UniqueIdentifier>{0b20d155-03fe-4e5e-991f-eccf2b429cca}</UniqueIdentifier>
    </Filter>
    <Filter Include="Process">
      <UniqueIdentifier>{6872a61c-7ab1-413c-8c01-f8dc8e81bbed}</UniqueIdentifier>
    </Filter>
  </ItemGroup>
  <ItemGroup>
    <ClCompile Include="ConsoleApplication1.cpp">
      <Filter>소스 파일</Filter>
    </ClCompile>
    <ClCompile Include="ProcessQueue.cpp">
      <Filter>Thread</Filter>
    </ClCompile>
    <ClCompile Include="RegionMemoryPool.cpp">
      <Filter>MemoryPool</Filter>
    </ClCompile>
    <ClCompile Include="SingleMemoryPool.cpp">
      <Filter>MemoryPool</Filter>
    </ClCompile>
    <ClCompile Include="ThreadMemoryPool.cpp">
      <Filter>MemoryPool</Filter>
    </ClCompile>
    <ClCompile Include="MemoryPoolTest.cpp">
      <Filter>Test</Filter>
    </ClCompile>
    <ClCompile Include="Util.cpp">
      <Filter>Util</Filter>
    </ClCompile>
    <ClCompile Include="MessageWorker.cpp">
      <Filter>Thread</Filter>
    </ClCompile>
    <ClCompile Include="TimerThread.cpp">
      <Filter>Process</Filter>
    </ClCompile>
    <ClCompile Include="GlobalPipeline.cpp">
      <Filter>Process</Filter>
    </ClCompile>
    <ClCompile Include="SystemThread.cpp">
      <Filter>Process</Filter>
    </ClCompile>
  </ItemGroup>
  <ItemGroup>
    <ClInclude Include="ProcessQueue.h">
      <Filter>Thread</Filter>
    </ClInclude>
    <ClInclude Include="RegionMemoryPool.h">
      <Filter>MemoryPool</Filter>
    </ClInclude>
    <ClInclude Include="SingleMemoryPool.h">
      <Filter>MemoryPool</Filter>
    </ClInclude>
    <ClInclude Include="ThreadMemoryPool.h">
      <Filter>MemoryPool</Filter>
    </ClInclude>
    <ClInclude Include="MemoryPoolTest.h">
      <Filter>Test</Filter>
    </ClInclude>
    <ClInclude Include="Util.h">
      <Filter>Util</Filter>
    </ClInclude>
    <ClInclude Include="MessageWorker.h">
      <Filter>Thread</Filter>
    </ClInclude>
    <ClInclude Include="TimerThread.h">
      <Filter>Process</Filter>
    </ClInclude>
    <ClInclude Include="GlobalPipeline.h">
      <Filter>Process</Filter>
    </ClInclude>
    <ClInclude Include="SystemThread.h">
      <Filter>Process</Filter>
    </ClInclude>
  </ItemGroup>
</Project>